
Microsoft Visual Studio Solution File, Format Version 12.00
# Visual Studio Version 17
VisualStudioVersion = 17.6.33829.357
MinimumVisualStudioVersion = 10.0.40219.1
Project("{FAE04EC0-301F-11D3-BF4B-00C04F79EFBC}") = "rpg", "rpg.csproj", "{B2D1B499-766A-4A36-BF93-E8AA4133C44E}"
EndProject
Global
	GlobalSection(SolutionConfigurationPlatforms) = preSolution
		Debug|Any CPU = Debug|Any CPU
		Release|Any CPU = Release|Any CPU
	EndGlobalSection
	GlobalSection(ProjectConfigurationPlatforms) = postSolution
		{B2D1B499-766A-4A36-BF93-E8AA4133C44E}.Debug|Any CPU.ActiveCfg = Debug|Any CPU
		{B2D1B499-766A-4A36-BF93-E8AA4133C44E}.Debug|Any CPU.Build.0 = Debug|Any CPU
		{B2D1B499-766A-4A36-BF93-E8AA4133C44E}.Release|Any CPU.ActiveCfg = Release|Any CPU
		{B2D1B499-766A-4A36-BF93-E8AA4133C44E}.Release|Any CPU.Build.0 = Release|Any CPU
	EndGlobalSection
	GlobalSection(SolutionProperties) = preSolution
		HideSolutionNode = FALSE
	EndGlobalSection
	GlobalSection(ExtensibilityGlobals) = postSolution
		SolutionGuid = {13D15F3D-248A-4E3A-AC16-DECF32F4A8F4}
	EndGlobalSection
EndGlobal
